
Microsoft Visual Studio Solution File, Format Version 12.00
# Visual Studio 15
Project("{FAE04EC0-301F-11D3-BF4B-00C04F79EFBC}") = "Assembly-CSharp", "Assembly-CSharp.csproj", "{0CB3EBBB-4392-336B-7FEB-4121A0EB04DE}"
EndProject
Project("{FAE04EC0-301F-11D3-BF4B-00C04F79EFBC}") = "Assembly-CSharp-Editor", "Assembly-CSharp-Editor.csproj", "{9586DC50-DD8B-AC71-F173-4B657B9B4B40}"
EndProject
Global
	GlobalSection(SolutionConfigurationPlatforms) = preSolution
		Debug|Any CPU = Debug|Any CPU
		Release|Any CPU = Release|Any CPU
	EndGlobalSection
	GlobalSection(ProjectConfigurationPlatforms) = postSolution
		{0CB3EBBB-4392-336B-7FEB-4121A0EB04DE}.Debug|Any CPU.ActiveCfg = Debug|Any CPU
		{0CB3EBBB-4392-336B-7FEB-4121A0EB04DE}.Debug|Any CPU.Build.0 = Debug|Any CPU
		{0CB3EBBB-4392-336B-7FEB-4121A0EB04DE}.Release|Any CPU.ActiveCfg = Release|Any CPU
		{0CB3EBBB-4392-336B-7FEB-4121A0EB04DE}.Release|Any CPU.Build.0 = Release|Any CPU
		{9586DC50-DD8B-AC71-F173-4B657B9B4B40}.Debug|Any CPU.ActiveCfg = Debug|Any CPU
		{9586DC50-DD8B-AC71-F173-4B657B9B4B40}.Debug|Any CPU.Build.0 = Debug|Any CPU
		{9586DC50-DD8B-AC71-F173-4B657B9B4B40}.Release|Any CPU.ActiveCfg = Release|Any CPU
		{9586DC50-DD8B-AC71-F173-4B657B9B4B40}.Release|Any CPU.Build.0 = Release|Any CPU
	EndGlobalSection
	GlobalSection(SolutionProperties) = preSolution
		HideSolutionNode = FALSE
	EndGlobalSection
EndGlobal
