
Microsoft Visual Studio Solution File, Format Version 12.00
# Visual Studio 15
VisualStudioVersion = 15.0.28010.2050
MinimumVisualStudioVersion = 10.0.40219.1
Project("{FAE04EC0-301F-11D3-BF4B-00C04F79EFBC}") = "Day3", "Day3\Day3.csproj", "{A233A587-EE07-4CAA-970F-2D871706C4EE}"
EndProject
Global
	GlobalSection(SolutionConfigurationPlatforms) = preSolution
		Debug|Any CPU = Debug|Any CPU
		Release|Any CPU = Release|Any CPU
	EndGlobalSection
	GlobalSection(ProjectConfigurationPlatforms) = postSolution
		{A233A587-EE07-4CAA-970F-2D871706C4EE}.Debug|Any CPU.ActiveCfg = Debug|Any CPU
		{A233A587-EE07-4CAA-970F-2D871706C4EE}.Debug|Any CPU.Build.0 = Debug|Any CPU
		{A233A587-EE07-4CAA-970F-2D871706C4EE}.Release|Any CPU.ActiveCfg = Release|Any CPU
		{A233A587-EE07-4CAA-970F-2D871706C4EE}.Release|Any CPU.Build.0 = Release|Any CPU
	EndGlobalSection
	GlobalSection(SolutionProperties) = preSolution
		HideSolutionNode = FALSE
	EndGlobalSection
	GlobalSection(ExtensibilityGlobals) = postSolution
		SolutionGuid = {6EA82350-93C6-4ABC-A6AA-E43E514E5F9A}
	EndGlobalSection
EndGlobal
