
Microsoft Visual Studio Solution File, Format Version 12.00
# Visual Studio 15
VisualStudioVersion = 15.0.28010.2050
MinimumVisualStudioVersion = 10.0.40219.1
Project("{FAE04EC0-301F-11D3-BF4B-00C04F79EFBC}") = "Day10", "Day10\Day10.csproj", "{6A2F04A0-374E-4370-89DE-D4385FB0455E}"
EndProject
Global
	GlobalSection(SolutionConfigurationPlatforms) = preSolution
		Debug|Any CPU = Debug|Any CPU
		Release|Any CPU = Release|Any CPU
	EndGlobalSection
	GlobalSection(ProjectConfigurationPlatforms) = postSolution
		{6A2F04A0-374E-4370-89DE-D4385FB0455E}.Debug|Any CPU.ActiveCfg = Debug|Any CPU
		{6A2F04A0-374E-4370-89DE-D4385FB0455E}.Debug|Any CPU.Build.0 = Debug|Any CPU
		{6A2F04A0-374E-4370-89DE-D4385FB0455E}.Release|Any CPU.ActiveCfg = Release|Any CPU
		{6A2F04A0-374E-4370-89DE-D4385FB0455E}.Release|Any CPU.Build.0 = Release|Any CPU
	EndGlobalSection
	GlobalSection(SolutionProperties) = preSolution
		HideSolutionNode = FALSE
	EndGlobalSection
	GlobalSection(ExtensibilityGlobals) = postSolution
		SolutionGuid = {2236A6E4-DBDC-46BF-BBCD-4CF8CF006E4D}
	EndGlobalSection
EndGlobal
